
Microsoft Visual Studio Solution File, Format Version 12.00
# Visual Studio Version 16
VisualStudioVersion = 16.0.30611.23
MinimumVisualStudioVersion = 10.0.40219.1
Project("{8BC9CEB8-8B4A-11D0-8D11-00A0C91BC942}") = "lab6.1_iter", "lab6.1_iter.vcxproj", "{732EFABE-2110-448D-B91E-E4E942C8EA67}"
EndProject
Project("{8BC9CEB8-8B4A-11D0-8D11-00A0C91BC942}") = "UnitTest1", "UnitTest1\UnitTest1.vcxproj", "{717180C3-0CAE-4D74-80C0-68EF6DD2C982}"
EndProject
Global
	GlobalSection(SolutionConfigurationPlatforms) = preSolution
		Debug|x64 = Debug|x64
		Debug|x86 = Debug|x86
		Release|x64 = Release|x64
		Release|x86 = Release|x86
	EndGlobalSection
	GlobalSection(ProjectConfigurationPlatforms) = postSolution
		{732EFABE-2110-448D-B91E-E4E942C8EA67}.Debug|x64.ActiveCfg = Debug|x64
		{732EFABE-2110-448D-B91E-E4E942C8EA67}.Debug|x64.Build.0 = Debug|x64
		{732EFABE-2110-448D-B91E-E4E942C8EA67}.Debug|x86.ActiveCfg = Debug|Win32
		{732EFABE-2110-448D-B91E-E4E942C8EA67}.Debug|x86.Build.0 = Debug|Win32
		{732EFABE-2110-448D-B91E-E4E942C8EA67}.Release|x64.ActiveCfg = Release|x64
		{732EFABE-2110-448D-B91E-E4E942C8EA67}.Release|x64.Build.0 = Release|x64
		{732EFABE-2110-448D-B91E-E4E942C8EA67}.Release|x86.ActiveCfg = Release|Win32
		{732EFABE-2110-448D-B91E-E4E942C8EA67}.Release|x86.Build.0 = Release|Win32
		{717180C3-0CAE-4D74-80C0-68EF6DD2C982}.Debug|x64.ActiveCfg = Debug|x64
		{717180C3-0CAE-4D74-80C0-68EF6DD2C982}.Debug|x64.Build.0 = Debug|x64
		{717180C3-0CAE-4D74-80C0-68EF6DD2C982}.Debug|x86.ActiveCfg = Debug|Win32
		{717180C3-0CAE-4D74-80C0-68EF6DD2C982}.Debug|x86.Build.0 = Debug|Win32
		{717180C3-0CAE-4D74-80C0-68EF6DD2C982}.Release|x64.ActiveCfg = Release|x64
		{717180C3-0CAE-4D74-80C0-68EF6DD2C982}.Release|x64.Build.0 = Release|x64
		{717180C3-0CAE-4D74-80C0-68EF6DD2C982}.Release|x86.ActiveCfg = Release|Win32
		{717180C3-0CAE-4D74-80C0-68EF6DD2C982}.Release|x86.Build.0 = Release|Win32
	EndGlobalSection
	GlobalSection(SolutionProperties) = preSolution
		HideSolutionNode = FALSE
	EndGlobalSection
	GlobalSection(ExtensibilityGlobals) = postSolution
		SolutionGuid = {E14ADDBE-E1AC-45A9-B797-3B003338AEAD}
	EndGlobalSection
EndGlobal
